
Microsoft Visual Studio Solution File, Format Version 11.00
# Visual Studio 2010
# SharpDevelop 4.4
Project("{FAE04EC0-301F-11D3-BF4B-00C04F79EFBC}") = "FIGURAS", "FIGURAS\FIGURAS.csproj", "{54EBE4AE-4DA7-488C-B5EB-400BAA7AB0BB}"
EndProject
Global
	GlobalSection(SolutionConfigurationPlatforms) = preSolution
		Debug|Any CPU = Debug|Any CPU
		Release|Any CPU = Release|Any CPU
	EndGlobalSection
	GlobalSection(ProjectConfigurationPlatforms) = postSolution
		{54EBE4AE-4DA7-488C-B5EB-400BAA7AB0BB}.Debug|Any CPU.Build.0 = Debug|Any CPU
		{54EBE4AE-4DA7-488C-B5EB-400BAA7AB0BB}.Debug|Any CPU.ActiveCfg = Debug|Any CPU
		{54EBE4AE-4DA7-488C-B5EB-400BAA7AB0BB}.Release|Any CPU.Build.0 = Release|Any CPU
		{54EBE4AE-4DA7-488C-B5EB-400BAA7AB0BB}.Release|Any CPU.ActiveCfg = Release|Any CPU
	EndGlobalSection
EndGlobal
